
Microsoft Visual Studio Solution File, Format Version 12.00
# Visual Studio Version 16
VisualStudioVersion = 16.0.29926.136
MinimumVisualStudioVersion = 10.0.40219.1
Project("{FAE04EC0-301F-11D3-BF4B-00C04F79EFBC}") = "KonowalHunter", "KonowalHunter\KonowalHunter.csproj", "{94DE6034-3B88-4D83-BA8D-E35A69BF325A}"
EndProject
Project("{FAE04EC0-301F-11D3-BF4B-00C04F79EFBC}") = "KonowalHunter.WPF", "KonowalHunter.WPF\KonowalHunter.WPF.csproj", "{40589069-F7DA-44A8-8E5A-C019139A63E5}"
EndProject
Global
	GlobalSection(SolutionConfigurationPlatforms) = preSolution
		Debug|Any CPU = Debug|Any CPU
		Release|Any CPU = Release|Any CPU
	EndGlobalSection
	GlobalSection(ProjectConfigurationPlatforms) = postSolution
		{94DE6034-3B88-4D83-BA8D-E35A69BF325A}.Debug|Any CPU.ActiveCfg = Debug|Any CPU
		{94DE6034-3B88-4D83-BA8D-E35A69BF325A}.Debug|Any CPU.Build.0 = Debug|Any CPU
		{94DE6034-3B88-4D83-BA8D-E35A69BF325A}.Release|Any CPU.ActiveCfg = Release|Any CPU
		{94DE6034-3B88-4D83-BA8D-E35A69BF325A}.Release|Any CPU.Build.0 = Release|Any CPU
		{40589069-F7DA-44A8-8E5A-C019139A63E5}.Debug|Any CPU.ActiveCfg = Debug|Any CPU
		{40589069-F7DA-44A8-8E5A-C019139A63E5}.Debug|Any CPU.Build.0 = Debug|Any CPU
		{40589069-F7DA-44A8-8E5A-C019139A63E5}.Release|Any CPU.ActiveCfg = Release|Any CPU
		{40589069-F7DA-44A8-8E5A-C019139A63E5}.Release|Any CPU.Build.0 = Release|Any CPU
	EndGlobalSection
	GlobalSection(SolutionProperties) = preSolution
		HideSolutionNode = FALSE
	EndGlobalSection
	GlobalSection(ExtensibilityGlobals) = postSolution
		SolutionGuid = {56B2CEE6-F8C6-4B8A-B6DF-D6D2E7379BE7}
	EndGlobalSection
EndGlobal
